
Microsoft Visual Studio Solution File, Format Version 12.00
# Visual Studio Version 16
VisualStudioVersion = 16.0.30114.105
MinimumVisualStudioVersion = 10.0.40219.1
Project("{9A19103F-16F7-4668-BE54-9A1E7A4F7556}") = "client", "client\client.csproj", "{80057CC9-1E18-4553-A90F-CBA559D67B84}"
EndProject
Project("{2150E333-8FDC-42A3-9474-1A3956D46DE8}") = "Solution Items", "Solution Items", "{49174EA3-042B-4498-870D-670C0A248597}"
	ProjectSection(SolutionItems) = preProject
		.gitignore = .gitignore
		README.md = README.md
	EndProjectSection
EndProject
Project("{9A19103F-16F7-4668-BE54-9A1E7A4F7556}") = "Converter.Core", "Converter.Core\Converter.Core.csproj", "{82C42718-B2DF-4344-BB0E-5D34D5096229}"
EndProject
Project("{9A19103F-16F7-4668-BE54-9A1E7A4F7556}") = "Converter.Core.Test", "Converter.Core.Test\Converter.Core.Test.csproj", "{36D77DCE-2FC1-4939-8BE3-41CE48E5BABB}"
EndProject
Project("{E53339B2-1760-4266-BCC7-CA923CBCF16C}") = "docker-compose", "docker-compose.dcproj", "{7F92745E-D65D-4126-BB07-D2BAA955FA2E}"
EndProject
Global
	GlobalSection(SolutionConfigurationPlatforms) = preSolution
		Debug|Any CPU = Debug|Any CPU
		Debug|x64 = Debug|x64
		Debug|x86 = Debug|x86
		Release|Any CPU = Release|Any CPU
		Release|x64 = Release|x64
		Release|x86 = Release|x86
	EndGlobalSection
	GlobalSection(ProjectConfigurationPlatforms) = postSolution
		{80057CC9-1E18-4553-A90F-CBA559D67B84}.Debug|Any CPU.ActiveCfg = Debug|Any CPU
		{80057CC9-1E18-4553-A90F-CBA559D67B84}.Debug|Any CPU.Build.0 = Debug|Any CPU
		{80057CC9-1E18-4553-A90F-CBA559D67B84}.Debug|x64.ActiveCfg = Debug|Any CPU
		{80057CC9-1E18-4553-A90F-CBA559D67B84}.Debug|x64.Build.0 = Debug|Any CPU
		{80057CC9-1E18-4553-A90F-CBA559D67B84}.Debug|x86.ActiveCfg = Debug|Any CPU
		{80057CC9-1E18-4553-A90F-CBA559D67B84}.Debug|x86.Build.0 = Debug|Any CPU
		{80057CC9-1E18-4553-A90F-CBA559D67B84}.Release|Any CPU.ActiveCfg = Release|Any CPU
		{80057CC9-1E18-4553-A90F-CBA559D67B84}.Release|Any CPU.Build.0 = Release|Any CPU
		{80057CC9-1E18-4553-A90F-CBA559D67B84}.Release|x64.ActiveCfg = Release|Any CPU
		{80057CC9-1E18-4553-A90F-CBA559D67B84}.Release|x64.Build.0 = Release|Any CPU
		{80057CC9-1E18-4553-A90F-CBA559D67B84}.Release|x86.ActiveCfg = Release|Any CPU
		{80057CC9-1E18-4553-A90F-CBA559D67B84}.Release|x86.Build.0 = Release|Any CPU
		{82C42718-B2DF-4344-BB0E-5D34D5096229}.Debug|Any CPU.ActiveCfg = Debug|Any CPU
		{82C42718-B2DF-4344-BB0E-5D34D5096229}.Debug|Any CPU.Build.0 = Debug|Any CPU
		{82C42718-B2DF-4344-BB0E-5D34D5096229}.Debug|x64.ActiveCfg = Debug|Any CPU
		{82C42718-B2DF-4344-BB0E-5D34D5096229}.Debug|x64.Build.0 = Debug|Any CPU
		{82C42718-B2DF-4344-BB0E-5D34D5096229}.Debug|x86.ActiveCfg = Debug|Any CPU
		{82C42718-B2DF-4344-BB0E-5D34D5096229}.Debug|x86.Build.0 = Debug|Any CPU
		{82C42718-B2DF-4344-BB0E-5D34D5096229}.Release|Any CPU.ActiveCfg = Release|Any CPU
		{82C42718-B2DF-4344-BB0E-5D34D5096229}.Release|Any CPU.Build.0 = Release|Any CPU
		{82C42718-B2DF-4344-BB0E-5D34D5096229}.Release|x64.ActiveCfg = Release|Any CPU
		{82C42718-B2DF-4344-BB0E-5D34D5096229}.Release|x64.Build.0 = Release|Any CPU
		{82C42718-B2DF-4344-BB0E-5D34D5096229}.Release|x86.ActiveCfg = Release|Any CPU
		{82C42718-B2DF-4344-BB0E-5D34D5096229}.Release|x86.Build.0 = Release|Any CPU
		{36D77DCE-2FC1-4939-8BE3-41CE48E5BABB}.Debug|Any CPU.ActiveCfg = Debug|Any CPU
		{36D77DCE-2FC1-4939-8BE3-41CE48E5BABB}.Debug|Any CPU.Build.0 = Debug|Any CPU
		{36D77DCE-2FC1-4939-8BE3-41CE48E5BABB}.Debug|x64.ActiveCfg = Debug|Any CPU
		{36D77DCE-2FC1-4939-8BE3-41CE48E5BABB}.Debug|x64.Build.0 = Debug|Any CPU
		{36D77DCE-2FC1-4939-8BE3-41CE48E5BABB}.Debug|x86.ActiveCfg = Debug|Any CPU
		{36D77DCE-2FC1-4939-8BE3-41CE48E5BABB}.Debug|x86.Build.0 = Debug|Any CPU
		{36D77DCE-2FC1-4939-8BE3-41CE48E5BABB}.Release|Any CPU.ActiveCfg = Release|Any CPU
		{36D77DCE-2FC1-4939-8BE3-41CE48E5BABB}.Release|Any CPU.Build.0 = Release|Any CPU
		{36D77DCE-2FC1-4939-8BE3-41CE48E5BABB}.Release|x64.ActiveCfg = Release|Any CPU
		{36D77DCE-2FC1-4939-8BE3-41CE48E5BABB}.Release|x64.Build.0 = Release|Any CPU
		{36D77DCE-2FC1-4939-8BE3-41CE48E5BABB}.Release|x86.ActiveCfg = Release|Any CPU
		{36D77DCE-2FC1-4939-8BE3-41CE48E5BABB}.Release|x86.Build.0 = Release|Any CPU
		{7F92745E-D65D-4126-BB07-D2BAA955FA2E}.Debug|Any CPU.ActiveCfg = Debug|Any CPU
		{7F92745E-D65D-4126-BB07-D2BAA955FA2E}.Debug|Any CPU.Build.0 = Debug|Any CPU
		{7F92745E-D65D-4126-BB07-D2BAA955FA2E}.Debug|x64.ActiveCfg = Debug|Any CPU
		{7F92745E-D65D-4126-BB07-D2BAA955FA2E}.Debug|x64.Build.0 = Debug|Any CPU
		{7F92745E-D65D-4126-BB07-D2BAA955FA2E}.Debug|x86.ActiveCfg = Debug|Any CPU
		{7F92745E-D65D-4126-BB07-D2BAA955FA2E}.Debug|x86.Build.0 = Debug|Any CPU
		{7F92745E-D65D-4126-BB07-D2BAA955FA2E}.Release|Any CPU.ActiveCfg = Release|Any CPU
		{7F92745E-D65D-4126-BB07-D2BAA955FA2E}.Release|Any CPU.Build.0 = Release|Any CPU
		{7F92745E-D65D-4126-BB07-D2BAA955FA2E}.Release|x64.ActiveCfg = Release|Any CPU
		{7F92745E-D65D-4126-BB07-D2BAA955FA2E}.Release|x64.Build.0 = Release|Any CPU
		{7F92745E-D65D-4126-BB07-D2BAA955FA2E}.Release|x86.ActiveCfg = Release|Any CPU
		{7F92745E-D65D-4126-BB07-D2BAA955FA2E}.Release|x86.Build.0 = Release|Any CPU
	EndGlobalSection
	GlobalSection(SolutionProperties) = preSolution
		HideSolutionNode = FALSE
	EndGlobalSection
	GlobalSection(ExtensibilityGlobals) = postSolution
		SolutionGuid = {85F9D621-2CE2-4FC0-8A15-63B629766D8E}
	EndGlobalSection
EndGlobal
